
Microsoft Visual Studio Solution File, Format Version 12.00
# Visual Studio Version 17
VisualStudioVersion = 17.7.34031.279
MinimumVisualStudioVersion = 10.0.40219.1
Project("{FAE04EC0-301F-11D3-BF4B-00C04F79EFBC}") = "GetDevice", "GetDevice.csproj", "{A50841E6-77A1-4609-8F36-8B478BEFA64C}"
EndProject
Global
	GlobalSection(SolutionConfigurationPlatforms) = preSolution
		Debug|Any CPU = Debug|Any CPU
		Release|Any CPU = Release|Any CPU
	EndGlobalSection
	GlobalSection(ProjectConfigurationPlatforms) = postSolution
		{A50841E6-77A1-4609-8F36-8B478BEFA64C}.Debug|Any CPU.ActiveCfg = Debug|Any CPU
		{A50841E6-77A1-4609-8F36-8B478BEFA64C}.Debug|Any CPU.Build.0 = Debug|Any CPU
		{A50841E6-77A1-4609-8F36-8B478BEFA64C}.Release|Any CPU.ActiveCfg = Release|Any CPU
		{A50841E6-77A1-4609-8F36-8B478BEFA64C}.Release|Any CPU.Build.0 = Release|Any CPU
	EndGlobalSection
	GlobalSection(SolutionProperties) = preSolution
		HideSolutionNode = FALSE
	EndGlobalSection
	GlobalSection(ExtensibilityGlobals) = postSolution
		SolutionGuid = {8DB7474A-3E98-465A-A003-9ADFF5F1B942}
	EndGlobalSection
EndGlobal
