
Microsoft Visual Studio Solution File, Format Version 12.00
# Visual Studio Version 17
VisualStudioVersion = 17.7.34031.279
MinimumVisualStudioVersion = 10.0.40219.1
Project("{FAE04EC0-301F-11D3-BF4B-00C04F79EFBC}") = "HarbardSDK", "HarbardSDK.csproj", "{BF83BC5F-DDE5-492A-BD45-C6B6629DBAEF}"
EndProject
Global
	GlobalSection(SolutionConfigurationPlatforms) = preSolution
		Debug|Any CPU = Debug|Any CPU
		Release|Any CPU = Release|Any CPU
	EndGlobalSection
	GlobalSection(ProjectConfigurationPlatforms) = postSolution
		{BF83BC5F-DDE5-492A-BD45-C6B6629DBAEF}.Debug|Any CPU.ActiveCfg = Debug|Any CPU
		{BF83BC5F-DDE5-492A-BD45-C6B6629DBAEF}.Debug|Any CPU.Build.0 = Debug|Any CPU
		{BF83BC5F-DDE5-492A-BD45-C6B6629DBAEF}.Release|Any CPU.ActiveCfg = Release|Any CPU
		{BF83BC5F-DDE5-492A-BD45-C6B6629DBAEF}.Release|Any CPU.Build.0 = Release|Any CPU
	EndGlobalSection
	GlobalSection(SolutionProperties) = preSolution
		HideSolutionNode = FALSE
	EndGlobalSection
	GlobalSection(ExtensibilityGlobals) = postSolution
		SolutionGuid = {05C03F82-BCD6-47D2-9075-45D6C2F9CDD5}
	EndGlobalSection
EndGlobal
